// !$*UTF8*$!
{
	archiveVersion = 1;
	classes = {
	};
	objectVersion = 56;
	objects = {

/* Begin PBXBuildFile section */
		AF4080412BD72777007F231D /* doggioApp.swift in Sources */ = {isa = PBXBuildFile; fileRef = AF4080402BD72777007F231D /* doggioApp.swift */; };
		AF4080432BD72777007F231D /* ContentView.swift in Sources */ = {isa = PBXBuildFile; fileRef = AF4080422BD72777007F231D /* ContentView.swift */; };
		AF4080452BD72779007F231D /* Assets.xcassets in Resources */ = {isa = PBXBuildFile; fileRef = AF4080442BD72779007F231D /* Assets.xcassets */; };
		AF4080482BD72779007F231D /* Preview Assets.xcassets in Resources */ = {isa = PBXBuildFile; fileRef = AF4080472BD72779007F231D /* Preview Assets.xcassets */; };
		AF4080522BD7277A007F231D /* doggioTests.swift in Sources */ = {isa = PBXBuildFile; fileRef = AF4080512BD7277A007F231D /* doggioTests.swift */; };
		AF40805C2BD7277A007F231D /* doggioUITests.swift in Sources */ = {isa = PBXBuildFile; fileRef = AF40805B2BD7277A007F231D /* doggioUITests.swift */; };
		AF40805E2BD7277A007F231D /* doggioUITestsLaunchTests.swift in Sources */ = {isa = PBXBuildFile; fileRef = AF40805D2BD7277A007F231D /* doggioUITestsLaunchTests.swift */; };
/* End PBXBuildFile section */

/* Begin PBXContainerItemProxy section */
		AF40804E2BD7277A007F231D /* PBXContainerItemProxy */ = {
			isa = PBXContainerItemProxy;
			containerPortal = AF4080352BD72777007F231D /* Project object */;
			proxyType = 1;
			remoteGlobalIDString = AF40803C2BD72777007F231D;
			remoteInfo = doggio;
		};
		AF4080582BD7277A007F231D /* PBXContainerItemProxy */ = {
			isa = PBXContainerItemProxy;
			containerPortal = AF4080352BD72777007F231D /* Project object */;
			proxyType = 1;
			remoteGlobalIDString = AF40803C2BD72777007F231D;
			remoteInfo = doggio;
		};
/* End PBXContainerItemProxy section */

/* Begin PBXFileReference section */
		AF40803D2BD72777007F231D /* doggio.app */ = {isa = PBXFileReference; explicitFileType = wrapper.application; includeInIndex = 0; path = doggio.app; sourceTree = BUILT_PRODUCTS_DIR; };
		AF4080402BD72777007F231D /* doggioApp.swift */ = {isa = PBXFileReference; lastKnownFileType = sourcecode.swift; path = doggioApp.swift; sourceTree = "<group>"; };
		AF4080422BD72777007F231D /* ContentView.swift */ = {isa = PBXFileReference; lastKnownFileType = sourcecode.swift; path = ContentView.swift; sourceTree = "<group>"; };
		AF4080442BD72779007F231D /* Assets.xcassets */ = {isa = PBXFileReference; lastKnownFileType = folder.assetcatalog; path = Assets.xcassets; sourceTree = "<group>"; };
		AF4080472BD72779007F231D /* Preview Assets.xcassets */ = {isa = PBXFileReference; lastKnownFileType = folder.assetcatalog; path = "Preview Assets.xcassets"; sourceTree = "<group>"; };
		AF40804D2BD7277A007F231D /* doggioTests.xctest */ = {isa = PBXFileReference; explicitFileType = wrapper.cfbundle; includeInIndex = 0; path = doggioTests.xctest; sourceTree = BUILT_PRODUCTS_DIR; };
		AF4080512BD7277A007F231D /* doggioTests.swift */ = {isa = PBXFileReference; lastKnownFileType = sourcecode.swift; path = doggioTests.swift; sourceTree = "<group>"; };
		AF4080572BD7277A007F231D /* doggioUITests.xctest */ = {isa = PBXFileReference; explicitFileType = wrapper.cfbundle; includeInIndex = 0; path = doggioUITests.xctest; sourceTree = BUILT_PRODUCTS_DIR; };
		AF40805B2BD7277A007F231D /* doggioUITests.swift */ = {isa = PBXFileReference; lastKnownFileType = sourcecode.swift; path = doggioUITests.swift; sourceTree = "<group>"; };
		AF40805D2BD7277A007F231D /* doggioUITestsLaunchTests.swift */ = {isa = PBXFileReference; lastKnownFileType = sourcecode.swift; path = doggioUITestsLaunchTests.swift; sourceTree = "<group>"; };
/* End PBXFileReference section */

/* Begin PBXFrameworksBuildPhase section */
		AF40803A2BD72777007F231D /* Frameworks */ = {
			isa = PBXFrameworksBuildPhase;
			buildActionMask = 2147483647;
			files = (
			);
			runOnlyForDeploymentPostprocessing = 0;
		};
		AF40804A2BD7277A007F231D /* Frameworks */ = {
			isa = PBXFrameworksBuildPhase;
			buildActionMask = 2147483647;
			files = (
			);
			runOnlyForDeploymentPostprocessing = 0;
		};
		AF4080542BD7277A007F231D /* Frameworks */ = {
			isa = PBXFrameworksBuildPhase;
			buildActionMask = 2147483647;
			files = (
			);
			runOnlyForDeploymentPostprocessing = 0;
		};
/* End PBXFrameworksBuildPhase section */

/* Begin PBXGroup section */
		AF4080342BD72777007F231D = {
			isa = PBXGroup;
			children = (
				AF40803F2BD72777007F231D /* doggio */,
				AF4080502BD7277A007F231D /* doggioTests */,
				AF40805A2BD7277A007F231D /* doggioUITests */,
				AF40803E2BD72777007F231D /* Products */,
			);
			sourceTree = "<group>";
		};
		AF40803E2BD72777007F231D /* Products */ = {
			isa = PBXGroup;
			children = (
				AF40803D2BD72777007F231D /* doggio.app */,
				AF40804D2BD7277A007F231D /* doggioTests.xctest */,
				AF4080572BD7277A007F231D /* doggioUITests.xctest */,
			);
			name = Products;
			sourceTree = "<group>";
		};
		AF40803F2BD72777007F231D /* doggio */ = {
			isa = PBXGroup;
			children = (
				AF4080402BD72777007F231D /* doggioApp.swift */,
				AF4080422BD72777007F231D /* ContentView.swift */,
				AF4080442BD72779007F231D /* Assets.xcassets */,
				AF4080462BD72779007F231D /* Preview Content */,
			);
			path = doggio;
			sourceTree = "<group>";
		};
		AF4080462BD72779007F231D /* Preview Content */ = {
			isa = PBXGroup;
			children = (
				AF4080472BD72779007F231D /* Preview Assets.xcassets */,
			);
			path = "Preview Content";
			sourceTree = "<group>";
		};
		AF4080502BD7277A007F231D /* doggioTests */ = {
			isa = PBXGroup;
			children = (
				AF4080512BD7277A007F231D /* doggioTests.swift */,
			);
			path = doggioTests;
			sourceTree = "<group>";
		};
		AF40805A2BD7277A007F231D /* doggioUITests */ = {
			isa = PBXGroup;
			children = (
				AF40805B2BD7277A007F231D /* doggioUITests.swift */,
				AF40805D2BD7277A007F231D /* doggioUITestsLaunchTests.swift */,
			);
			path = doggioUITests;
			sourceTree = "<group>";
		};
/* End PBXGroup section */

/* Begin PBXNativeTarget section */
		AF40803C2BD72777007F231D /* doggio */ = {
			isa = PBXNativeTarget;
			buildConfigurationList = AF4080612BD7277A007F231D /* Build configuration list for PBXNativeTarget "doggio" */;
			buildPhases = (
				AF4080392BD72777007F231D /* Sources */,
				AF40803A2BD72777007F231D /* Frameworks */,
				AF40803B2BD72777007F231D /* Resources */,
			);
			buildRules = (
			);
			dependencies = (
			);
			name = doggio;
			productName = doggio;
			productReference = AF40803D2BD72777007F231D /* doggio.app */;
			productType = "com.apple.product-type.application";
		};
		AF40804C2BD7277A007F231D /* doggioTests */ = {
			isa = PBXNativeTarget;
			buildConfigurationList = AF4080642BD7277A007F231D /* Build configuration list for PBXNativeTarget "doggioTests" */;
			buildPhases = (
				AF4080492BD7277A007F231D /* Sources */,
				AF40804A2BD7277A007F231D /* Frameworks */,
				AF40804B2BD7277A007F231D /* Resources */,
			);
			buildRules = (
			);
			dependencies = (
				AF40804F2BD7277A007F231D /* PBXTargetDependency */,
			);
			name = doggioTests;
			productName = doggioTests;
			productReference = AF40804D2BD7277A007F231D /* doggioTests.xctest */;
			productType = "com.apple.product-type.bundle.unit-test";
		};
		AF4080562BD7277A007F231D /* doggioUITests */ = {
			isa = PBXNativeTarget;
			buildConfigurationList = AF4080672BD7277A007F231D /* Build configuration list for PBXNativeTarget "doggioUITests" */;
			buildPhases = (
				AF4080532BD7277A007F231D /* Sources */,
				AF4080542BD7277A007F231D /* Frameworks */,
				AF4080552BD7277A007F231D /* Resources */,
			);
			buildRules = (
			);
			dependencies = (
				AF4080592BD7277A007F231D /* PBXTargetDependency */,
			);
			name = doggioUITests;
			productName = doggioUITests;
			productReference = AF4080572BD7277A007F231D /* doggioUITests.xctest */;
			productType = "com.apple.product-type.bundle.ui-testing";
		};
/* End PBXNativeTarget section */

/* Begin PBXProject section */
		AF4080352BD72777007F231D /* Project object */ = {
			isa = PBXProject;
			attributes = {
				BuildIndependentTargetsInParallel = 1;
				LastSwiftUpdateCheck = 1530;
				LastUpgradeCheck = 1530;
				TargetAttributes = {
					AF40803C2BD72777007F231D = {
						CreatedOnToolsVersion = 15.3;
					};
					AF40804C2BD7277A007F231D = {
						CreatedOnToolsVersion = 15.3;
						TestTargetID = AF40803C2BD72777007F231D;
					};
					AF4080562BD7277A007F231D = {
						CreatedOnToolsVersion = 15.3;
						TestTargetID = AF40803C2BD72777007F231D;
					};
				};
			};
			buildConfigurationList = AF4080382BD72777007F231D /* Build configuration list for PBXProject "doggio" */;
			compatibilityVersion = "Xcode 14.0";
			developmentRegion = en;
			hasScannedForEncodings = 0;
			knownRegions = (
				en,
				Base,
			);
			mainGroup = AF4080342BD72777007F231D;
			productRefGroup = AF40803E2BD72777007F231D /* Products */;
			projectDirPath = "";
			projectRoot = "";
			targets = (
				AF40803C2BD72777007F231D /* doggio */,
				AF40804C2BD7277A007F231D /* doggioTests */,
				AF4080562BD7277A007F231D /* doggioUITests */,
			);
		};
/* End PBXProject section */

/* Begin PBXResourcesBuildPhase section */
		AF40803B2BD72777007F231D /* Resources */ = {
			isa = PBXResourcesBuildPhase;
			buildActionMask = 2147483647;
			files = (
				AF4080482BD72779007F231D /* Preview Assets.xcassets in Resources */,
				AF4080452BD72779007F231D /* Assets.xcassets in Resources */,
			);
			runOnlyForDeploymentPostprocessing = 0;
		};
		AF40804B2BD7277A007F231D /* Resources */ = {
			isa = PBXResourcesBuildPhase;
			buildActionMask = 2147483647;
			files = (
			);
			runOnlyForDeploymentPostprocessing = 0;
		};
		AF4080552BD7277A007F231D /* Resources */ = {
			isa = PBXResourcesBuildPhase;
			buildActionMask = 2147483647;
			files = (
			);
			runOnlyForDeploymentPostprocessing = 0;
		};
/* End PBXResourcesBuildPhase section */

/* Begin PBXSourcesBuildPhase section */
		AF4080392BD72777007F231D /* Sources */ = {
			isa = PBXSourcesBuildPhase;
			buildActionMask = 2147483647;
			files = (
				AF4080432BD72777007F231D /* ContentView.swift in Sources */,
				AF4080412BD72777007F231D /* doggioApp.swift in Sources */,
			);
			runOnlyForDeploymentPostprocessing = 0;
		};
		AF4080492BD7277A007F231D /* Sources */ = {
			isa = PBXSourcesBuildPhase;
			buildActionMask = 2147483647;
			files = (
				AF4080522BD7277A007F231D /* doggioTests.swift in Sources */,
			);
			runOnlyForDeploymentPostprocessing = 0;
		};
		AF4080532BD7277A007F231D /* Sources */ = {
			isa = PBXSourcesBuildPhase;
			buildActionMask = 2147483647;
			files = (
				AF40805C2BD7277A007F231D /* doggioUITests.swift in Sources */,
				AF40805E2BD7277A007F231D /* doggioUITestsLaunchTests.swift in Sources */,
			);
			runOnlyForDeploymentPostprocessing = 0;
		};
/* End PBXSourcesBuildPhase section */

/* Begin PBXTargetDependency section */
		AF40804F2BD7277A007F231D /* PBXTargetDependency */ = {
			isa = PBXTargetDependency;
			target = AF40803C2BD72777007F231D /* doggio */;
			targetProxy = AF40804E2BD7277A007F231D /* PBXContainerItemProxy */;
		};
		AF4080592BD7277A007F231D /* PBXTargetDependency */ = {
			isa = PBXTargetDependency;
			target = AF40803C2BD72777007F231D /* doggio */;
			targetProxy = AF4080582BD7277A007F231D /* PBXContainerItemProxy */;
		};
/* End PBXTargetDependency section */

/* Begin XCBuildConfiguration section */
		AF40805F2BD7277A007F231D /* Debug */ = {
			isa = XCBuildConfiguration;
			buildSettings = {
				ALWAYS_SEARCH_USER_PATHS = NO;
				ASSETCATALOG_COMPILER_GENERATE_SWIFT_ASSET_SYMBOL_EXTENSIONS = YES;
				CLANG_ANALYZER_NONNULL = YES;
				CLANG_ANALYZER_NUMBER_OBJECT_CONVERSION = YES_AGGRESSIVE;
				CLANG_CXX_LANGUAGE_STANDARD = "gnu++20";
				CLANG_ENABLE_MODULES = YES;
				CLANG_ENABLE_OBJC_ARC = YES;
				CLANG_ENABLE_OBJC_WEAK = YES;
				CLANG_WARN_BLOCK_CAPTURE_AUTORELEASING = YES;
				CLANG_WARN_BOOL_CONVERSION = YES;
				CLANG_WARN_COMMA = YES;
				CLANG_WARN_CONSTANT_CONVERSION = YES;
				CLANG_WARN_DEPRECATED_OBJC_IMPLEMENTATIONS = YES;
				CLANG_WARN_DIRECT_OBJC_ISA_USAGE = YES_ERROR;
				CLANG_WARN_DOCUMENTATION_COMMENTS = YES;
				CLANG_WARN_EMPTY_BODY = YES;
				CLANG_WARN_ENUM_CONVERSION = YES;
				CLANG_WARN_INFINITE_RECURSION = YES;
				CLANG_WARN_INT_CONVERSION = YES;
				CLANG_WARN_NON_LITERAL_NULL_CONVERSION = YES;
				CLANG_WARN_OBJC_IMPLICIT_RETAIN_SELF = YES;
				CLANG_WARN_OBJC_LITERAL_CONVERSION = YES;
				CLANG_WARN_OBJC_ROOT_CLASS = YES_ERROR;
				CLANG_WARN_QUOTED_INCLUDE_IN_FRAMEWORK_HEADER = YES;
				CLANG_WARN_RANGE_LOOP_ANALYSIS = YES;
				CLANG_WARN_STRICT_PROTOTYPES = YES;
				CLANG_WARN_SUSPICIOUS_MOVE = YES;
				CLANG_WARN_UNGUARDED_AVAILABILITY = YES_AGGRESSIVE;
				CLANG_WARN_UNREACHABLE_CODE = YES;
				CLANG_WARN__DUPLICATE_METHOD_MATCH = YES;
				COPY_PHASE_STRIP = NO;
				DEBUG_INFORMATION_FORMAT = dwarf;
				ENABLE_STRICT_OBJC_MSGSEND = YES;
				ENABLE_TESTABILITY = YES;
				ENABLE_USER_SCRIPT_SANDBOXING = YES;
				GCC_C_LANGUAGE_STANDARD = gnu17;
				GCC_DYNAMIC_NO_PIC = NO;
				GCC_NO_COMMON_BLOCKS = YES;
				GCC_OPTIMIZATION_LEVEL = 0;
				GCC_PREPROCESSOR_DEFINITIONS = (
					"DEBUG=1",
					"$(inherited)",
				);
				GCC_WARN_64_TO_32_BIT_CONVERSION = YES;
				GCC_WARN_ABOUT_RETURN_TYPE = YES_ERROR;
				GCC_WARN_UNDECLARED_SELECTOR = YES;
				GCC_WARN_UNINITIALIZED_AUTOS = YES_AGGRESSIVE;
				GCC_WARN_UNUSED_FUNCTION = YES;
				GCC_WARN_UNUSED_VARIABLE = YES;
				IPHONEOS_DEPLOYMENT_TARGET = 17.4;
				LOCALIZATION_PREFERS_STRING_CATALOGS = YES;
				MTL_ENABLE_DEBUG_INFO = INCLUDE_SOURCE;
				MTL_FAST_MATH = YES;
				ONLY_ACTIVE_ARCH = YES;
				SDKROOT = iphoneos;
				SWIFT_ACTIVE_COMPILATION_CONDITIONS = "DEBUG $(inherited)";
				SWIFT_OPTIMIZATION_LEVEL = "-Onone";
			};
			name = Debug;
		};
		AF4080602BD7277A007F231D /* Release */ = {
			isa = XCBuildConfiguration;
			buildSettings = {
				ALWAYS_SEARCH_USER_PATHS = NO;
				ASSETCATALOG_COMPILER_GENERATE_SWIFT_ASSET_SYMBOL_EXTENSIONS = YES;
				CLANG_ANALYZER_NONNULL = YES;
				CLANG_ANALYZER_NUMBER_OBJECT_CONVERSION = YES_AGGRESSIVE;
				CLANG_CXX_LANGUAGE_STANDARD = "gnu++20";
				CLANG_ENABLE_MODULES = YES;
				CLANG_ENABLE_OBJC_ARC = YES;
				CLANG_ENABLE_OBJC_WEAK = YES;
				CLANG_WARN_BLOCK_CAPTURE_AUTORELEASING = YES;
				CLANG_WARN_BOOL_CONVERSION = YES;
				CLANG_WARN_COMMA = YES;
				CLANG_WARN_CONSTANT_CONVERSION = YES;
				CLANG_WARN_DEPRECATED_OBJC_IMPLEMENTATIONS = YES;
				CLANG_WARN_DIRECT_OBJC_ISA_USAGE = YES_ERROR;
				CLANG_WARN_DOCUMENTATION_COMMENTS = YES;
				CLANG_WARN_EMPTY_BODY = YES;
				CLANG_WARN_ENUM_CONVERSION = YES;
				CLANG_WARN_INFINITE_RECURSION = YES;
				CLANG_WARN_INT_CONVERSION = YES;
				CLANG_WARN_NON_LITERAL_NULL_CONVERSION = YES;
				CLANG_WARN_OBJC_IMPLICIT_RETAIN_SELF = YES;
				CLANG_WARN_OBJC_LITERAL_CONVERSION = YES;
				CLANG_WARN_OBJC_ROOT_CLASS = YES_ERROR;
				CLANG_WARN_QUOTED_INCLUDE_IN_FRAMEWORK_HEADER = YES;
				CLANG_WARN_RANGE_LOOP_ANALYSIS = YES;
				CLANG_WARN_STRICT_PROTOTYPES = YES;
				CLANG_WARN_SUSPICIOUS_MOVE = YES;
				CLANG_WARN_UNGUARDED_AVAILABILITY = YES_AGGRESSIVE;
				CLANG_WARN_UNREACHABLE_CODE = YES;
				CLANG_WARN__DUPLICATE_METHOD_MATCH = YES;
				COPY_PHASE_STRIP = NO;
				DEBUG_INFORMATION_FORMAT = "dwarf-with-dsym";
				ENABLE_NS_ASSERTIONS = NO;
				ENABLE_STRICT_OBJC_MSGSEND = YES;
				ENABLE_USER_SCRIPT_SANDBOXING = YES;
				GCC_C_LANGUAGE_STANDARD = gnu17;
				GCC_NO_COMMON_BLOCKS = YES;
				GCC_WARN_64_TO_32_BIT_CONVERSION = YES;
				GCC_WARN_ABOUT_RETURN_TYPE = YES_ERROR;
				GCC_WARN_UNDECLARED_SELECTOR = YES;
				GCC_WARN_UNINITIALIZED_AUTOS = YES_AGGRESSIVE;
				GCC_WARN_UNUSED_FUNCTION = YES;
				GCC_WARN_UNUSED_VARIABLE = YES;
				IPHONEOS_DEPLOYMENT_TARGET = 17.4;
				LOCALIZATION_PREFERS_STRING_CATALOGS = YES;
				MTL_ENABLE_DEBUG_INFO = NO;
				MTL_FAST_MATH = YES;
				SDKROOT = iphoneos;
				SWIFT_COMPILATION_MODE = wholemodule;
				VALIDATE_PRODUCT = YES;
			};
			name = Release;
		};
		AF4080622BD7277A007F231D /* Debug */ = {
			isa = XCBuildConfiguration;
			buildSettings = {
				ASSETCATALOG_COMPILER_APPICON_NAME = AppIcon;
				ASSETCATALOG_COMPILER_GLOBAL_ACCENT_COLOR_NAME = AccentColor;
				CODE_SIGN_STYLE = Automatic;
				CURRENT_PROJECT_VERSION = 1;
				DEVELOPMENT_ASSET_PATHS = "\"doggio/Preview Content\"";
				DEVELOPMENT_TEAM = FUT2WN9Y4P;
				ENABLE_PREVIEWS = YES;
				GENERATE_INFOPLIST_FILE = YES;
				INFOPLIST_KEY_UIApplicationSceneManifest_Generation = YES;
				INFOPLIST_KEY_UIApplicationSupportsIndirectInputEvents = YES;
				INFOPLIST_KEY_UILaunchScreen_Generation = YES;
				INFOPLIST_KEY_UISupportedInterfaceOrientations_iPad = "UIInterfaceOrientationPortrait UIInterfaceOrientationPortraitUpsideDown UIInterfaceOrientationLandscapeLeft UIInterfaceOrientationLandscapeRight";
				INFOPLIST_KEY_UISupportedInterfaceOrientations_iPhone = "UIInterfaceOrientationPortrait UIInterfaceOrientationLandscapeLeft UIInterfaceOrientationLandscapeRight";
				LD_RUNPATH_SEARCH_PATHS = (
					"$(inherited)",
					"@executable_path/Frameworks",
				);
				MARKETING_VERSION = 1.0;
				PRODUCT_BUNDLE_IDENTIFIER = Doggio.doggio;
				PRODUCT_NAME = "$(TARGET_NAME)";
				SWIFT_EMIT_LOC_STRINGS = YES;
				SWIFT_VERSION = 5.0;
				TARGETED_DEVICE_FAMILY = "1,2";
			};
			name = Debug;
		};
		AF4080632BD7277A007F231D /* Release */ = {
			isa = XCBuildConfiguration;
			buildSettings = {
				ASSETCATALOG_COMPILER_APPICON_NAME = AppIcon;
				ASSETCATALOG_COMPILER_GLOBAL_ACCENT_COLOR_NAME = AccentColor;
				CODE_SIGN_STYLE = Automatic;
				CURRENT_PROJECT_VERSION = 1;
				DEVELOPMENT_ASSET_PATHS = "\"doggio/Preview Content\"";
				DEVELOPMENT_TEAM = FUT2WN9Y4P;
				ENABLE_PREVIEWS = YES;
				GENERATE_INFOPLIST_FILE = YES;
				INFOPLIST_KEY_UIApplicationSceneManifest_Generation = YES;
				INFOPLIST_KEY_UIApplicationSupportsIndirectInputEvents = YES;
				INFOPLIST_KEY_UILaunchScreen_Generation = YES;
				INFOPLIST_KEY_UISupportedInterfaceOrientations_iPad = "UIInterfaceOrientationPortrait UIInterfaceOrientationPortraitUpsideDown UIInterfaceOrientationLandscapeLeft UIInterfaceOrientationLandscapeRight";
				INFOPLIST_KEY_UISupportedInterfaceOrientations_iPhone = "UIInterfaceOrientationPortrait UIInterfaceOrientationLandscapeLeft UIInterfaceOrientationLandscapeRight";
				LD_RUNPATH_SEARCH_PATHS = (
					"$(inherited)",
					"@executable_path/Frameworks",
				);
				MARKETING_VERSION = 1.0;
				PRODUCT_BUNDLE_IDENTIFIER = Doggio.doggio;
				PRODUCT_NAME = "$(TARGET_NAME)";
				SWIFT_EMIT_LOC_STRINGS = YES;
				SWIFT_VERSION = 5.0;
				TARGETED_DEVICE_FAMILY = "1,2";
			};
			name = Release;
		};
		AF4080652BD7277A007F231D /* Debug */ = {
			isa = XCBuildConfiguration;
			buildSettings = {
				ALWAYS_EMBED_SWIFT_STANDARD_LIBRARIES = YES;
				BUNDLE_LOADER = "$(TEST_HOST)";
				CODE_SIGN_STYLE = Automatic;
				CURRENT_PROJECT_VERSION = 1;
				DEVELOPMENT_TEAM = FUT2WN9Y4P;
				GENERATE_INFOPLIST_FILE = YES;
				IPHONEOS_DEPLOYMENT_TARGET = 17.4;
				MARKETING_VERSION = 1.0;
				PRODUCT_BUNDLE_IDENTIFIER = Doggio.doggioTests;
				PRODUCT_NAME = "$(TARGET_NAME)";
				SWIFT_EMIT_LOC_STRINGS = NO;
				SWIFT_VERSION = 5.0;
				TARGETED_DEVICE_FAMILY = "1,2";
				TEST_HOST = "$(BUILT_PRODUCTS_DIR)/doggio.app/$(BUNDLE_EXECUTABLE_FOLDER_PATH)/doggio";
			};
			name = Debug;
		};
		AF4080662BD7277A007F231D /* Release */ = {
			isa = XCBuildConfiguration;
			buildSettings = {
				ALWAYS_EMBED_SWIFT_STANDARD_LIBRARIES = YES;
				BUNDLE_LOADER = "$(TEST_HOST)";
				CODE_SIGN_STYLE = Automatic;
				CURRENT_PROJECT_VERSION = 1;
				DEVELOPMENT_TEAM = FUT2WN9Y4P;
				GENERATE_INFOPLIST_FILE = YES;
				IPHONEOS_DEPLOYMENT_TARGET = 17.4;
				MARKETING_VERSION = 1.0;
				PRODUCT_BUNDLE_IDENTIFIER = Doggio.doggioTests;
				PRODUCT_NAME = "$(TARGET_NAME)";
				SWIFT_EMIT_LOC_STRINGS = NO;
				SWIFT_VERSION = 5.0;
				TARGETED_DEVICE_FAMILY = "1,2";
				TEST_HOST = "$(BUILT_PRODUCTS_DIR)/doggio.app/$(BUNDLE_EXECUTABLE_FOLDER_PATH)/doggio";
			};
			name = Release;
		};
		AF4080682BD7277A007F231D /* Debug */ = {
			isa = XCBuildConfiguration;
			buildSettings = {
				ALWAYS_EMBED_SWIFT_STANDARD_LIBRARIES = YES;
				CODE_SIGN_STYLE = Automatic;
				CURRENT_PROJECT_VERSION = 1;
				DEVELOPMENT_TEAM = FUT2WN9Y4P;
				GENERATE_INFOPLIST_FILE = YES;
				MARKETING_VERSION = 1.0;
				PRODUCT_BUNDLE_IDENTIFIER = Doggio.doggioUITests;
				PRODUCT_NAME = "$(TARGET_NAME)";
				SWIFT_EMIT_LOC_STRINGS = NO;
				SWIFT_VERSION = 5.0;
				TARGETED_DEVICE_FAMILY = "1,2";
				TEST_TARGET_NAME = doggio;
			};
			name = Debug;
		};
		AF4080692BD7277A007F231D /* Release */ = {
			isa = XCBuildConfiguration;
			buildSettings = {
				ALWAYS_EMBED_SWIFT_STANDARD_LIBRARIES = YES;
				CODE_SIGN_STYLE = Automatic;
				CURRENT_PROJECT_VERSION = 1;
				DEVELOPMENT_TEAM = FUT2WN9Y4P;
				GENERATE_INFOPLIST_FILE = YES;
				MARKETING_VERSION = 1.0;
				PRODUCT_BUNDLE_IDENTIFIER = Doggio.doggioUITests;
				PRODUCT_NAME = "$(TARGET_NAME)";
				SWIFT_EMIT_LOC_STRINGS = NO;
				SWIFT_VERSION = 5.0;
				TARGETED_DEVICE_FAMILY = "1,2";
				TEST_TARGET_NAME = doggio;
			};
			name = Release;
		};
/* End XCBuildConfiguration section */

/* Begin XCConfigurationList section */
		AF4080382BD72777007F231D /* Build configuration list for PBXProject "doggio" */ = {
			isa = XCConfigurationList;
			buildConfigurations = (
				AF40805F2BD7277A007F231D /* Debug */,
				AF4080602BD7277A007F231D /* Release */,
			);
			defaultConfigurationIsVisible = 0;
			defaultConfigurationName = Release;
		};
		AF4080612BD7277A007F231D /* Build configuration list for PBXNativeTarget "doggio" */ = {
			isa = XCConfigurationList;
			buildConfigurations = (
				AF4080622BD7277A007F231D /* Debug */,
				AF4080632BD7277A007F231D /* Release */,
			);
			defaultConfigurationIsVisible = 0;
			defaultConfigurationName = Release;
		};
		AF4080642BD7277A007F231D /* Build configuration list for PBXNativeTarget "doggioTests" */ = {
			isa = XCConfigurationList;
			buildConfigurations = (
				AF4080652BD7277A007F231D /* Debug */,
				AF4080662BD7277A007F231D /* Release */,
			);
			defaultConfigurationIsVisible = 0;
			defaultConfigurationName = Release;
		};
		AF4080672BD7277A007F231D /* Build configuration list for PBXNativeTarget "doggioUITests" */ = {
			isa = XCConfigurationList;
			buildConfigurations = (
				AF4080682BD7277A007F231D /* Debug */,
				AF4080692BD7277A007F231D /* Release */,
			);
			defaultConfigurationIsVisible = 0;
			defaultConfigurationName = Release;
		};
/* End XCConfigurationList section */
	};
	rootObject = AF4080352BD72777007F231D /* Project object */;
}
