// !$*UTF8*$!
{
	archiveVersion = 1;
	classes = {
	};
	objectVersion = 56;
	objects = {

/* Begin PBXBuildFile section */
		AF676EC82AD59E43009D4991 /* Dog.swift in Sources */ = {isa = PBXBuildFile; fileRef = AF676EC72AD59E43009D4991 /* Dog.swift */; };
		AF676ECA2AD5A070009D4991 /* ModelDate.swift in Sources */ = {isa = PBXBuildFile; fileRef = AF676EC92AD5A070009D4991 /* ModelDate.swift */; };
		AF676ECC2AD5A0C1009D4991 /* Dogs Data.json in Resources */ = {isa = PBXBuildFile; fileRef = AF676ECB2AD5A0C1009D4991 /* Dogs Data.json */; };
		AF676ECE2AD5A8CA009D4991 /* Dog List.swift in Sources */ = {isa = PBXBuildFile; fileRef = AF676ECD2AD5A8CA009D4991 /* Dog List.swift */; };
		AF676ED02AD5AAFA009D4991 /* DogUI.swift in Sources */ = {isa = PBXBuildFile; fileRef = AF676ECF2AD5AAFA009D4991 /* DogUI.swift */; };
		AFA7CCCC2AD4D6B800F6AC93 /* doggioApp.swift in Sources */ = {isa = PBXBuildFile; fileRef = AFA7CCCB2AD4D6B800F6AC93 /* doggioApp.swift */; };
		AFA7CCCE2AD4D6B800F6AC93 /* ContentView.swift in Sources */ = {isa = PBXBuildFile; fileRef = AFA7CCCD2AD4D6B800F6AC93 /* ContentView.swift */; };
		AFA7CCD02AD4D6BB00F6AC93 /* Assets.xcassets in Resources */ = {isa = PBXBuildFile; fileRef = AFA7CCCF2AD4D6BB00F6AC93 /* Assets.xcassets */; };
		AFA7CCD42AD4D6BB00F6AC93 /* Preview Assets.xcassets in Resources */ = {isa = PBXBuildFile; fileRef = AFA7CCD32AD4D6BB00F6AC93 /* Preview Assets.xcassets */; };
		AFA7CCDE2AD4D6BB00F6AC93 /* doggioTests.swift in Sources */ = {isa = PBXBuildFile; fileRef = AFA7CCDD2AD4D6BB00F6AC93 /* doggioTests.swift */; };
		AFA7CCE82AD4D6BB00F6AC93 /* doggioUITests.swift in Sources */ = {isa = PBXBuildFile; fileRef = AFA7CCE72AD4D6BB00F6AC93 /* doggioUITests.swift */; };
		AFA7CCEA2AD4D6BB00F6AC93 /* doggioUITestsLaunchTests.swift in Sources */ = {isa = PBXBuildFile; fileRef = AFA7CCE92AD4D6BB00F6AC93 /* doggioUITestsLaunchTests.swift */; };
/* End PBXBuildFile section */

/* Begin PBXContainerItemProxy section */
		AFA7CCDA2AD4D6BB00F6AC93 /* PBXContainerItemProxy */ = {
			isa = PBXContainerItemProxy;
			containerPortal = AFA7CCC02AD4D6B800F6AC93 /* Project object */;
			proxyType = 1;
			remoteGlobalIDString = AFA7CCC72AD4D6B800F6AC93;
			remoteInfo = doggio;
		};
		AFA7CCE42AD4D6BB00F6AC93 /* PBXContainerItemProxy */ = {
			isa = PBXContainerItemProxy;
			containerPortal = AFA7CCC02AD4D6B800F6AC93 /* Project object */;
			proxyType = 1;
			remoteGlobalIDString = AFA7CCC72AD4D6B800F6AC93;
			remoteInfo = doggio;
		};
/* End PBXContainerItemProxy section */

/* Begin PBXFileReference section */
		AF676EC72AD59E43009D4991 /* Dog.swift */ = {isa = PBXFileReference; lastKnownFileType = sourcecode.swift; path = Dog.swift; sourceTree = "<group>"; };
		AF676EC92AD5A070009D4991 /* ModelDate.swift */ = {isa = PBXFileReference; lastKnownFileType = sourcecode.swift; path = ModelDate.swift; sourceTree = "<group>"; };
		AF676ECB2AD5A0C1009D4991 /* Dogs Data.json */ = {isa = PBXFileReference; explicitFileType = text.json; path = "Dogs Data.json"; sourceTree = "<group>"; };
		AF676ECD2AD5A8CA009D4991 /* Dog List.swift */ = {isa = PBXFileReference; lastKnownFileType = sourcecode.swift; path = "Dog List.swift"; sourceTree = "<group>"; };
		AF676ECF2AD5AAFA009D4991 /* DogUI.swift */ = {isa = PBXFileReference; lastKnownFileType = sourcecode.swift; path = DogUI.swift; sourceTree = "<group>"; };
		AFA7CCC82AD4D6B800F6AC93 /* doggio.app */ = {isa = PBXFileReference; explicitFileType = wrapper.application; includeInIndex = 0; path = doggio.app; sourceTree = BUILT_PRODUCTS_DIR; };
		AFA7CCCB2AD4D6B800F6AC93 /* doggioApp.swift */ = {isa = PBXFileReference; lastKnownFileType = sourcecode.swift; path = doggioApp.swift; sourceTree = "<group>"; };
		AFA7CCCD2AD4D6B800F6AC93 /* ContentView.swift */ = {isa = PBXFileReference; lastKnownFileType = sourcecode.swift; path = ContentView.swift; sourceTree = "<group>"; };
		AFA7CCCF2AD4D6BB00F6AC93 /* Assets.xcassets */ = {isa = PBXFileReference; lastKnownFileType = folder.assetcatalog; path = Assets.xcassets; sourceTree = "<group>"; };
		AFA7CCD12AD4D6BB00F6AC93 /* doggio.entitlements */ = {isa = PBXFileReference; lastKnownFileType = text.plist.entitlements; path = doggio.entitlements; sourceTree = "<group>"; };
		AFA7CCD32AD4D6BB00F6AC93 /* Preview Assets.xcassets */ = {isa = PBXFileReference; lastKnownFileType = folder.assetcatalog; path = "Preview Assets.xcassets"; sourceTree = "<group>"; };
		AFA7CCD92AD4D6BB00F6AC93 /* doggioTests.xctest */ = {isa = PBXFileReference; explicitFileType = wrapper.cfbundle; includeInIndex = 0; path = doggioTests.xctest; sourceTree = BUILT_PRODUCTS_DIR; };
		AFA7CCDD2AD4D6BB00F6AC93 /* doggioTests.swift */ = {isa = PBXFileReference; lastKnownFileType = sourcecode.swift; path = doggioTests.swift; sourceTree = "<group>"; };
		AFA7CCE32AD4D6BB00F6AC93 /* doggioUITests.xctest */ = {isa = PBXFileReference; explicitFileType = wrapper.cfbundle; includeInIndex = 0; path = doggioUITests.xctest; sourceTree = BUILT_PRODUCTS_DIR; };
		AFA7CCE72AD4D6BB00F6AC93 /* doggioUITests.swift */ = {isa = PBXFileReference; lastKnownFileType = sourcecode.swift; path = doggioUITests.swift; sourceTree = "<group>"; };
		AFA7CCE92AD4D6BB00F6AC93 /* doggioUITestsLaunchTests.swift */ = {isa = PBXFileReference; lastKnownFileType = sourcecode.swift; path = doggioUITestsLaunchTests.swift; sourceTree = "<group>"; };
/* End PBXFileReference section */

/* Begin PBXFrameworksBuildPhase section */
		AFA7CCC52AD4D6B800F6AC93 /* Frameworks */ = {
			isa = PBXFrameworksBuildPhase;
			buildActionMask = 2147483647;
			files = (
			);
			runOnlyForDeploymentPostprocessing = 0;
		};
		AFA7CCD62AD4D6BB00F6AC93 /* Frameworks */ = {
			isa = PBXFrameworksBuildPhase;
			buildActionMask = 2147483647;
			files = (
			);
			runOnlyForDeploymentPostprocessing = 0;
		};
		AFA7CCE02AD4D6BB00F6AC93 /* Frameworks */ = {
			isa = PBXFrameworksBuildPhase;
			buildActionMask = 2147483647;
			files = (
			);
			runOnlyForDeploymentPostprocessing = 0;
		};
/* End PBXFrameworksBuildPhase section */

/* Begin PBXGroup section */
		AFA7CCBF2AD4D6B800F6AC93 = {
			isa = PBXGroup;
			children = (
				AFA7CCCA2AD4D6B800F6AC93 /* doggio */,
				AFA7CCDC2AD4D6BB00F6AC93 /* doggioTests */,
				AFA7CCE62AD4D6BB00F6AC93 /* doggioUITests */,
				AFA7CCC92AD4D6B800F6AC93 /* Products */,
			);
			sourceTree = "<group>";
		};
		AFA7CCC92AD4D6B800F6AC93 /* Products */ = {
			isa = PBXGroup;
			children = (
				AFA7CCC82AD4D6B800F6AC93 /* doggio.app */,
				AFA7CCD92AD4D6BB00F6AC93 /* doggioTests.xctest */,
				AFA7CCE32AD4D6BB00F6AC93 /* doggioUITests.xctest */,
			);
			name = Products;
			sourceTree = "<group>";
		};
		AFA7CCCA2AD4D6B800F6AC93 /* doggio */ = {
			isa = PBXGroup;
			children = (
				AFA7CCCB2AD4D6B800F6AC93 /* doggioApp.swift */,
				AFBE081D2AFAA292001DBC88 /* Backend */,
				AFBE081C2AFAA122001DBC88 /* Front End */,
				AFA7CCCF2AD4D6BB00F6AC93 /* Assets.xcassets */,
				AFA7CCD12AD4D6BB00F6AC93 /* doggio.entitlements */,
				AFA7CCD22AD4D6BB00F6AC93 /* Preview Content */,
			);
			path = doggio;
			sourceTree = "<group>";
		};
		AFA7CCD22AD4D6BB00F6AC93 /* Preview Content */ = {
			isa = PBXGroup;
			children = (
				AFA7CCD32AD4D6BB00F6AC93 /* Preview Assets.xcassets */,
			);
			path = "Preview Content";
			sourceTree = "<group>";
		};
		AFA7CCDC2AD4D6BB00F6AC93 /* doggioTests */ = {
			isa = PBXGroup;
			children = (
				AFA7CCDD2AD4D6BB00F6AC93 /* doggioTests.swift */,
			);
			path = doggioTests;
			sourceTree = "<group>";
		};
		AFA7CCE62AD4D6BB00F6AC93 /* doggioUITests */ = {
			isa = PBXGroup;
			children = (
				AFA7CCE72AD4D6BB00F6AC93 /* doggioUITests.swift */,
				AFA7CCE92AD4D6BB00F6AC93 /* doggioUITestsLaunchTests.swift */,
			);
			path = doggioUITests;
			sourceTree = "<group>";
		};
		AFBE081C2AFAA122001DBC88 /* Front End */ = {
			isa = PBXGroup;
			children = (
				AFA7CCCD2AD4D6B800F6AC93 /* ContentView.swift */,
				AF676ECF2AD5AAFA009D4991 /* DogUI.swift */,
				AF676ECD2AD5A8CA009D4991 /* Dog List.swift */,
			);
			path = "Front End";
			sourceTree = "<group>";
		};
		AFBE081D2AFAA292001DBC88 /* Backend */ = {
			isa = PBXGroup;
			children = (
				AF676EC92AD5A070009D4991 /* ModelDate.swift */,
				AF676ECB2AD5A0C1009D4991 /* Dogs Data.json */,
				AF676EC72AD59E43009D4991 /* Dog.swift */,
			);
			path = Backend;
			sourceTree = "<group>";
		};
/* End PBXGroup section */

/* Begin PBXNativeTarget section */
		AFA7CCC72AD4D6B800F6AC93 /* doggio */ = {
			isa = PBXNativeTarget;
			buildConfigurationList = AFA7CCED2AD4D6BB00F6AC93 /* Build configuration list for PBXNativeTarget "doggio" */;
			buildPhases = (
				AFA7CCC42AD4D6B800F6AC93 /* Sources */,
				AFA7CCC52AD4D6B800F6AC93 /* Frameworks */,
				AFA7CCC62AD4D6B800F6AC93 /* Resources */,
			);
			buildRules = (
			);
			dependencies = (
			);
			name = doggio;
			productName = doggio;
			productReference = AFA7CCC82AD4D6B800F6AC93 /* doggio.app */;
			productType = "com.apple.product-type.application";
		};
		AFA7CCD82AD4D6BB00F6AC93 /* doggioTests */ = {
			isa = PBXNativeTarget;
			buildConfigurationList = AFA7CCF02AD4D6BB00F6AC93 /* Build configuration list for PBXNativeTarget "doggioTests" */;
			buildPhases = (
				AFA7CCD52AD4D6BB00F6AC93 /* Sources */,
				AFA7CCD62AD4D6BB00F6AC93 /* Frameworks */,
				AFA7CCD72AD4D6BB00F6AC93 /* Resources */,
			);
			buildRules = (
			);
			dependencies = (
				AFA7CCDB2AD4D6BB00F6AC93 /* PBXTargetDependency */,
			);
			name = doggioTests;
			productName = doggioTests;
			productReference = AFA7CCD92AD4D6BB00F6AC93 /* doggioTests.xctest */;
			productType = "com.apple.product-type.bundle.unit-test";
		};
		AFA7CCE22AD4D6BB00F6AC93 /* doggioUITests */ = {
			isa = PBXNativeTarget;
			buildConfigurationList = AFA7CCF32AD4D6BB00F6AC93 /* Build configuration list for PBXNativeTarget "doggioUITests" */;
			buildPhases = (
				AFA7CCDF2AD4D6BB00F6AC93 /* Sources */,
				AFA7CCE02AD4D6BB00F6AC93 /* Frameworks */,
				AFA7CCE12AD4D6BB00F6AC93 /* Resources */,
			);
			buildRules = (
			);
			dependencies = (
				AFA7CCE52AD4D6BB00F6AC93 /* PBXTargetDependency */,
			);
			name = doggioUITests;
			productName = doggioUITests;
			productReference = AFA7CCE32AD4D6BB00F6AC93 /* doggioUITests.xctest */;
			productType = "com.apple.product-type.bundle.ui-testing";
		};
/* End PBXNativeTarget section */

/* Begin PBXProject section */
		AFA7CCC02AD4D6B800F6AC93 /* Project object */ = {
			isa = PBXProject;
			attributes = {
				BuildIndependentTargetsInParallel = 1;
				LastSwiftUpdateCheck = 1500;
				LastUpgradeCheck = 1500;
				TargetAttributes = {
					AFA7CCC72AD4D6B800F6AC93 = {
						CreatedOnToolsVersion = 15.0;
					};
					AFA7CCD82AD4D6BB00F6AC93 = {
						CreatedOnToolsVersion = 15.0;
						TestTargetID = AFA7CCC72AD4D6B800F6AC93;
					};
					AFA7CCE22AD4D6BB00F6AC93 = {
						CreatedOnToolsVersion = 15.0;
						TestTargetID = AFA7CCC72AD4D6B800F6AC93;
					};
				};
			};
			buildConfigurationList = AFA7CCC32AD4D6B800F6AC93 /* Build configuration list for PBXProject "doggio" */;
			compatibilityVersion = "Xcode 14.0";
			developmentRegion = en;
			hasScannedForEncodings = 0;
			knownRegions = (
				en,
				Base,
			);
			mainGroup = AFA7CCBF2AD4D6B800F6AC93;
			productRefGroup = AFA7CCC92AD4D6B800F6AC93 /* Products */;
			projectDirPath = "";
			projectRoot = "";
			targets = (
				AFA7CCC72AD4D6B800F6AC93 /* doggio */,
				AFA7CCD82AD4D6BB00F6AC93 /* doggioTests */,
				AFA7CCE22AD4D6BB00F6AC93 /* doggioUITests */,
			);
		};
/* End PBXProject section */

/* Begin PBXResourcesBuildPhase section */
		AFA7CCC62AD4D6B800F6AC93 /* Resources */ = {
			isa = PBXResourcesBuildPhase;
			buildActionMask = 2147483647;
			files = (
				AFA7CCD42AD4D6BB00F6AC93 /* Preview Assets.xcassets in Resources */,
				AF676ECC2AD5A0C1009D4991 /* Dogs Data.json in Resources */,
				AFA7CCD02AD4D6BB00F6AC93 /* Assets.xcassets in Resources */,
			);
			runOnlyForDeploymentPostprocessing = 0;
		};
		AFA7CCD72AD4D6BB00F6AC93 /* Resources */ = {
			isa = PBXResourcesBuildPhase;
			buildActionMask = 2147483647;
			files = (
			);
			runOnlyForDeploymentPostprocessing = 0;
		};
		AFA7CCE12AD4D6BB00F6AC93 /* Resources */ = {
			isa = PBXResourcesBuildPhase;
			buildActionMask = 2147483647;
			files = (
			);
			runOnlyForDeploymentPostprocessing = 0;
		};
/* End PBXResourcesBuildPhase section */

/* Begin PBXSourcesBuildPhase section */
		AFA7CCC42AD4D6B800F6AC93 /* Sources */ = {
			isa = PBXSourcesBuildPhase;
			buildActionMask = 2147483647;
			files = (
				AF676ED02AD5AAFA009D4991 /* DogUI.swift in Sources */,
				AFA7CCCE2AD4D6B800F6AC93 /* ContentView.swift in Sources */,
				AF676EC82AD59E43009D4991 /* Dog.swift in Sources */,
				AFA7CCCC2AD4D6B800F6AC93 /* doggioApp.swift in Sources */,
				AF676ECA2AD5A070009D4991 /* ModelDate.swift in Sources */,
				AF676ECE2AD5A8CA009D4991 /* Dog List.swift in Sources */,
			);
			runOnlyForDeploymentPostprocessing = 0;
		};
		AFA7CCD52AD4D6BB00F6AC93 /* Sources */ = {
			isa = PBXSourcesBuildPhase;
			buildActionMask = 2147483647;
			files = (
				AFA7CCDE2AD4D6BB00F6AC93 /* doggioTests.swift in Sources */,
			);
			runOnlyForDeploymentPostprocessing = 0;
		};
		AFA7CCDF2AD4D6BB00F6AC93 /* Sources */ = {
			isa = PBXSourcesBuildPhase;
			buildActionMask = 2147483647;
			files = (
				AFA7CCE82AD4D6BB00F6AC93 /* doggioUITests.swift in Sources */,
				AFA7CCEA2AD4D6BB00F6AC93 /* doggioUITestsLaunchTests.swift in Sources */,
			);
			runOnlyForDeploymentPostprocessing = 0;
		};
/* End PBXSourcesBuildPhase section */

/* Begin PBXTargetDependency section */
		AFA7CCDB2AD4D6BB00F6AC93 /* PBXTargetDependency */ = {
			isa = PBXTargetDependency;
			target = AFA7CCC72AD4D6B800F6AC93 /* doggio */;
			targetProxy = AFA7CCDA2AD4D6BB00F6AC93 /* PBXContainerItemProxy */;
		};
		AFA7CCE52AD4D6BB00F6AC93 /* PBXTargetDependency */ = {
			isa = PBXTargetDependency;
			target = AFA7CCC72AD4D6B800F6AC93 /* doggio */;
			targetProxy = AFA7CCE42AD4D6BB00F6AC93 /* PBXContainerItemProxy */;
		};
/* End PBXTargetDependency section */

/* Begin XCBuildConfiguration section */
		AFA7CCEB2AD4D6BB00F6AC93 /* Debug */ = {
			isa = XCBuildConfiguration;
			buildSettings = {
				ALWAYS_SEARCH_USER_PATHS = NO;
				ASSETCATALOG_COMPILER_GENERATE_SWIFT_ASSET_SYMBOL_EXTENSIONS = YES;
				CLANG_ANALYZER_NONNULL = YES;
				CLANG_ANALYZER_NUMBER_OBJECT_CONVERSION = YES_AGGRESSIVE;
				CLANG_CXX_LANGUAGE_STANDARD = "gnu++20";
				CLANG_ENABLE_MODULES = YES;
				CLANG_ENABLE_OBJC_ARC = YES;
				CLANG_ENABLE_OBJC_WEAK = YES;
				CLANG_WARN_BLOCK_CAPTURE_AUTORELEASING = YES;
				CLANG_WARN_BOOL_CONVERSION = YES;
				CLANG_WARN_COMMA = YES;
				CLANG_WARN_CONSTANT_CONVERSION = YES;
				CLANG_WARN_DEPRECATED_OBJC_IMPLEMENTATIONS = YES;
				CLANG_WARN_DIRECT_OBJC_ISA_USAGE = YES_ERROR;
				CLANG_WARN_DOCUMENTATION_COMMENTS = YES;
				CLANG_WARN_EMPTY_BODY = YES;
				CLANG_WARN_ENUM_CONVERSION = YES;
				CLANG_WARN_INFINITE_RECURSION = YES;
				CLANG_WARN_INT_CONVERSION = YES;
				CLANG_WARN_NON_LITERAL_NULL_CONVERSION = YES;
				CLANG_WARN_OBJC_IMPLICIT_RETAIN_SELF = YES;
				CLANG_WARN_OBJC_LITERAL_CONVERSION = YES;
				CLANG_WARN_OBJC_ROOT_CLASS = YES_ERROR;
				CLANG_WARN_QUOTED_INCLUDE_IN_FRAMEWORK_HEADER = YES;
				CLANG_WARN_RANGE_LOOP_ANALYSIS = YES;
				CLANG_WARN_STRICT_PROTOTYPES = YES;
				CLANG_WARN_SUSPICIOUS_MOVE = YES;
				CLANG_WARN_UNGUARDED_AVAILABILITY = YES_AGGRESSIVE;
				CLANG_WARN_UNREACHABLE_CODE = YES;
				CLANG_WARN__DUPLICATE_METHOD_MATCH = YES;
				COPY_PHASE_STRIP = NO;
				DEBUG_INFORMATION_FORMAT = dwarf;
				ENABLE_STRICT_OBJC_MSGSEND = YES;
				ENABLE_TESTABILITY = YES;
				ENABLE_USER_SCRIPT_SANDBOXING = YES;
				GCC_C_LANGUAGE_STANDARD = gnu17;
				GCC_DYNAMIC_NO_PIC = NO;
				GCC_NO_COMMON_BLOCKS = YES;
				GCC_OPTIMIZATION_LEVEL = 0;
				GCC_PREPROCESSOR_DEFINITIONS = (
					"DEBUG=1",
					"$(inherited)",
				);
				GCC_WARN_64_TO_32_BIT_CONVERSION = YES;
				GCC_WARN_ABOUT_RETURN_TYPE = YES_ERROR;
				GCC_WARN_UNDECLARED_SELECTOR = YES;
				GCC_WARN_UNINITIALIZED_AUTOS = YES_AGGRESSIVE;
				GCC_WARN_UNUSED_FUNCTION = YES;
				GCC_WARN_UNUSED_VARIABLE = YES;
				LOCALIZATION_PREFERS_STRING_CATALOGS = YES;
				MTL_ENABLE_DEBUG_INFO = INCLUDE_SOURCE;
				MTL_FAST_MATH = YES;
				ONLY_ACTIVE_ARCH = YES;
				SWIFT_ACTIVE_COMPILATION_CONDITIONS = "DEBUG $(inherited)";
				SWIFT_OPTIMIZATION_LEVEL = "-Onone";
			};
			name = Debug;
		};
		AFA7CCEC2AD4D6BB00F6AC93 /* Release */ = {
			isa = XCBuildConfiguration;
			buildSettings = {
				ALWAYS_SEARCH_USER_PATHS = NO;
				ASSETCATALOG_COMPILER_GENERATE_SWIFT_ASSET_SYMBOL_EXTENSIONS = YES;
				CLANG_ANALYZER_NONNULL = YES;
				CLANG_ANALYZER_NUMBER_OBJECT_CONVERSION = YES_AGGRESSIVE;
				CLANG_CXX_LANGUAGE_STANDARD = "gnu++20";
				CLANG_ENABLE_MODULES = YES;
				CLANG_ENABLE_OBJC_ARC = YES;
				CLANG_ENABLE_OBJC_WEAK = YES;
				CLANG_WARN_BLOCK_CAPTURE_AUTORELEASING = YES;
				CLANG_WARN_BOOL_CONVERSION = YES;
				CLANG_WARN_COMMA = YES;
				CLANG_WARN_CONSTANT_CONVERSION = YES;
				CLANG_WARN_DEPRECATED_OBJC_IMPLEMENTATIONS = YES;
				CLANG_WARN_DIRECT_OBJC_ISA_USAGE = YES_ERROR;
				CLANG_WARN_DOCUMENTATION_COMMENTS = YES;
				CLANG_WARN_EMPTY_BODY = YES;
				CLANG_WARN_ENUM_CONVERSION = YES;
				CLANG_WARN_INFINITE_RECURSION = YES;
				CLANG_WARN_INT_CONVERSION = YES;
				CLANG_WARN_NON_LITERAL_NULL_CONVERSION = YES;
				CLANG_WARN_OBJC_IMPLICIT_RETAIN_SELF = YES;
				CLANG_WARN_OBJC_LITERAL_CONVERSION = YES;
				CLANG_WARN_OBJC_ROOT_CLASS = YES_ERROR;
				CLANG_WARN_QUOTED_INCLUDE_IN_FRAMEWORK_HEADER = YES;
				CLANG_WARN_RANGE_LOOP_ANALYSIS = YES;
				CLANG_WARN_STRICT_PROTOTYPES = YES;
				CLANG_WARN_SUSPICIOUS_MOVE = YES;
				CLANG_WARN_UNGUARDED_AVAILABILITY = YES_AGGRESSIVE;
				CLANG_WARN_UNREACHABLE_CODE = YES;
				CLANG_WARN__DUPLICATE_METHOD_MATCH = YES;
				COPY_PHASE_STRIP = NO;
				DEBUG_INFORMATION_FORMAT = "dwarf-with-dsym";
				ENABLE_NS_ASSERTIONS = NO;
				ENABLE_STRICT_OBJC_MSGSEND = YES;
				ENABLE_USER_SCRIPT_SANDBOXING = YES;
				GCC_C_LANGUAGE_STANDARD = gnu17;
				GCC_NO_COMMON_BLOCKS = YES;
				GCC_WARN_64_TO_32_BIT_CONVERSION = YES;
				GCC_WARN_ABOUT_RETURN_TYPE = YES_ERROR;
				GCC_WARN_UNDECLARED_SELECTOR = YES;
				GCC_WARN_UNINITIALIZED_AUTOS = YES_AGGRESSIVE;
				GCC_WARN_UNUSED_FUNCTION = YES;
				GCC_WARN_UNUSED_VARIABLE = YES;
				LOCALIZATION_PREFERS_STRING_CATALOGS = YES;
				MTL_ENABLE_DEBUG_INFO = NO;
				MTL_FAST_MATH = YES;
				SWIFT_COMPILATION_MODE = wholemodule;
			};
			name = Release;
		};
		AFA7CCEE2AD4D6BB00F6AC93 /* Debug */ = {
			isa = XCBuildConfiguration;
			buildSettings = {
				ASSETCATALOG_COMPILER_APPICON_NAME = AppIcon;
				ASSETCATALOG_COMPILER_GLOBAL_ACCENT_COLOR_NAME = AccentColor;
				CODE_SIGN_ENTITLEMENTS = doggio/doggio.entitlements;
				CODE_SIGN_STYLE = Automatic;
				CURRENT_PROJECT_VERSION = 1;
				DEVELOPMENT_ASSET_PATHS = "\"doggio/Preview Content\"";
				DEVELOPMENT_TEAM = FUT2WN9Y4P;
				ENABLE_HARDENED_RUNTIME = YES;
				ENABLE_PREVIEWS = YES;
				GENERATE_INFOPLIST_FILE = YES;
				"INFOPLIST_KEY_UIApplicationSceneManifest_Generation[sdk=iphoneos*]" = YES;
				"INFOPLIST_KEY_UIApplicationSceneManifest_Generation[sdk=iphonesimulator*]" = YES;
				"INFOPLIST_KEY_UIApplicationSupportsIndirectInputEvents[sdk=iphoneos*]" = YES;
				"INFOPLIST_KEY_UIApplicationSupportsIndirectInputEvents[sdk=iphonesimulator*]" = YES;
				"INFOPLIST_KEY_UILaunchScreen_Generation[sdk=iphoneos*]" = YES;
				"INFOPLIST_KEY_UILaunchScreen_Generation[sdk=iphonesimulator*]" = YES;
				"INFOPLIST_KEY_UIStatusBarStyle[sdk=iphoneos*]" = UIStatusBarStyleDefault;
				"INFOPLIST_KEY_UIStatusBarStyle[sdk=iphonesimulator*]" = UIStatusBarStyleDefault;
				INFOPLIST_KEY_UISupportedInterfaceOrientations_iPad = "UIInterfaceOrientationPortrait UIInterfaceOrientationPortraitUpsideDown UIInterfaceOrientationLandscapeLeft UIInterfaceOrientationLandscapeRight";
				INFOPLIST_KEY_UISupportedInterfaceOrientations_iPhone = "UIInterfaceOrientationPortrait UIInterfaceOrientationLandscapeLeft UIInterfaceOrientationLandscapeRight";
				IPHONEOS_DEPLOYMENT_TARGET = 17.0;
				LD_RUNPATH_SEARCH_PATHS = "@executable_path/Frameworks";
				"LD_RUNPATH_SEARCH_PATHS[sdk=macosx*]" = "@executable_path/../Frameworks";
				MACOSX_DEPLOYMENT_TARGET = 14.0;
				MARKETING_VERSION = 1.0;
				PRODUCT_BUNDLE_IDENTIFIER = Doggio.doggio;
				PRODUCT_NAME = "$(TARGET_NAME)";
				SDKROOT = auto;
				SUPPORTED_PLATFORMS = "iphoneos iphonesimulator macosx";
				SWIFT_EMIT_LOC_STRINGS = YES;
				SWIFT_VERSION = 5.0;
				TARGETED_DEVICE_FAMILY = "1,2";
			};
			name = Debug;
		};
		AFA7CCEF2AD4D6BB00F6AC93 /* Release */ = {
			isa = XCBuildConfiguration;
			buildSettings = {
				ASSETCATALOG_COMPILER_APPICON_NAME = AppIcon;
				ASSETCATALOG_COMPILER_GLOBAL_ACCENT_COLOR_NAME = AccentColor;
				CODE_SIGN_ENTITLEMENTS = doggio/doggio.entitlements;
				CODE_SIGN_STYLE = Automatic;
				CURRENT_PROJECT_VERSION = 1;
				DEVELOPMENT_ASSET_PATHS = "\"doggio/Preview Content\"";
				DEVELOPMENT_TEAM = FUT2WN9Y4P;
				ENABLE_HARDENED_RUNTIME = YES;
				ENABLE_PREVIEWS = YES;
				GENERATE_INFOPLIST_FILE = YES;
				"INFOPLIST_KEY_UIApplicationSceneManifest_Generation[sdk=iphoneos*]" = YES;
				"INFOPLIST_KEY_UIApplicationSceneManifest_Generation[sdk=iphonesimulator*]" = YES;
				"INFOPLIST_KEY_UIApplicationSupportsIndirectInputEvents[sdk=iphoneos*]" = YES;
				"INFOPLIST_KEY_UIApplicationSupportsIndirectInputEvents[sdk=iphonesimulator*]" = YES;
				"INFOPLIST_KEY_UILaunchScreen_Generation[sdk=iphoneos*]" = YES;
				"INFOPLIST_KEY_UILaunchScreen_Generation[sdk=iphonesimulator*]" = YES;
				"INFOPLIST_KEY_UIStatusBarStyle[sdk=iphoneos*]" = UIStatusBarStyleDefault;
				"INFOPLIST_KEY_UIStatusBarStyle[sdk=iphonesimulator*]" = UIStatusBarStyleDefault;
				INFOPLIST_KEY_UISupportedInterfaceOrientations_iPad = "UIInterfaceOrientationPortrait UIInterfaceOrientationPortraitUpsideDown UIInterfaceOrientationLandscapeLeft UIInterfaceOrientationLandscapeRight";
				INFOPLIST_KEY_UISupportedInterfaceOrientations_iPhone = "UIInterfaceOrientationPortrait UIInterfaceOrientationLandscapeLeft UIInterfaceOrientationLandscapeRight";
				IPHONEOS_DEPLOYMENT_TARGET = 17.0;
				LD_RUNPATH_SEARCH_PATHS = "@executable_path/Frameworks";
				"LD_RUNPATH_SEARCH_PATHS[sdk=macosx*]" = "@executable_path/../Frameworks";
				MACOSX_DEPLOYMENT_TARGET = 14.0;
				MARKETING_VERSION = 1.0;
				PRODUCT_BUNDLE_IDENTIFIER = Doggio.doggio;
				PRODUCT_NAME = "$(TARGET_NAME)";
				SDKROOT = auto;
				SUPPORTED_PLATFORMS = "iphoneos iphonesimulator macosx";
				SWIFT_EMIT_LOC_STRINGS = YES;
				SWIFT_VERSION = 5.0;
				TARGETED_DEVICE_FAMILY = "1,2";
			};
			name = Release;
		};
		AFA7CCF12AD4D6BB00F6AC93 /* Debug */ = {
			isa = XCBuildConfiguration;
			buildSettings = {
				ALWAYS_EMBED_SWIFT_STANDARD_LIBRARIES = YES;
				BUNDLE_LOADER = "$(TEST_HOST)";
				CODE_SIGN_STYLE = Automatic;
				CURRENT_PROJECT_VERSION = 1;
				DEVELOPMENT_TEAM = FUT2WN9Y4P;
				GENERATE_INFOPLIST_FILE = YES;
				IPHONEOS_DEPLOYMENT_TARGET = 17.0;
				MACOSX_DEPLOYMENT_TARGET = 14.0;
				MARKETING_VERSION = 1.0;
				PRODUCT_BUNDLE_IDENTIFIER = Doggio.doggioTests;
				PRODUCT_NAME = "$(TARGET_NAME)";
				SDKROOT = auto;
				SUPPORTED_PLATFORMS = "iphoneos iphonesimulator macosx";
				SWIFT_EMIT_LOC_STRINGS = NO;
				SWIFT_VERSION = 5.0;
				TARGETED_DEVICE_FAMILY = "1,2";
				TEST_HOST = "$(BUILT_PRODUCTS_DIR)/doggio.app/$(BUNDLE_EXECUTABLE_FOLDER_PATH)/doggio";
			};
			name = Debug;
		};
		AFA7CCF22AD4D6BB00F6AC93 /* Release */ = {
			isa = XCBuildConfiguration;
			buildSettings = {
				ALWAYS_EMBED_SWIFT_STANDARD_LIBRARIES = YES;
				BUNDLE_LOADER = "$(TEST_HOST)";
				CODE_SIGN_STYLE = Automatic;
				CURRENT_PROJECT_VERSION = 1;
				DEVELOPMENT_TEAM = FUT2WN9Y4P;
				GENERATE_INFOPLIST_FILE = YES;
				IPHONEOS_DEPLOYMENT_TARGET = 17.0;
				MACOSX_DEPLOYMENT_TARGET = 14.0;
				MARKETING_VERSION = 1.0;
				PRODUCT_BUNDLE_IDENTIFIER = Doggio.doggioTests;
				PRODUCT_NAME = "$(TARGET_NAME)";
				SDKROOT = auto;
				SUPPORTED_PLATFORMS = "iphoneos iphonesimulator macosx";
				SWIFT_EMIT_LOC_STRINGS = NO;
				SWIFT_VERSION = 5.0;
				TARGETED_DEVICE_FAMILY = "1,2";
				TEST_HOST = "$(BUILT_PRODUCTS_DIR)/doggio.app/$(BUNDLE_EXECUTABLE_FOLDER_PATH)/doggio";
			};
			name = Release;
		};
		AFA7CCF42AD4D6BB00F6AC93 /* Debug */ = {
			isa = XCBuildConfiguration;
			buildSettings = {
				ALWAYS_EMBED_SWIFT_STANDARD_LIBRARIES = YES;
				CODE_SIGN_STYLE = Automatic;
				CURRENT_PROJECT_VERSION = 1;
				DEVELOPMENT_TEAM = FUT2WN9Y4P;
				GENERATE_INFOPLIST_FILE = YES;
				IPHONEOS_DEPLOYMENT_TARGET = 17.0;
				MACOSX_DEPLOYMENT_TARGET = 14.0;
				MARKETING_VERSION = 1.0;
				PRODUCT_BUNDLE_IDENTIFIER = Doggio.doggioUITests;
				PRODUCT_NAME = "$(TARGET_NAME)";
				SDKROOT = auto;
				SUPPORTED_PLATFORMS = "iphoneos iphonesimulator macosx";
				SWIFT_EMIT_LOC_STRINGS = NO;
				SWIFT_VERSION = 5.0;
				TARGETED_DEVICE_FAMILY = "1,2";
				TEST_TARGET_NAME = doggio;
			};
			name = Debug;
		};
		AFA7CCF52AD4D6BB00F6AC93 /* Release */ = {
			isa = XCBuildConfiguration;
			buildSettings = {
				ALWAYS_EMBED_SWIFT_STANDARD_LIBRARIES = YES;
				CODE_SIGN_STYLE = Automatic;
				CURRENT_PROJECT_VERSION = 1;
				DEVELOPMENT_TEAM = FUT2WN9Y4P;
				GENERATE_INFOPLIST_FILE = YES;
				IPHONEOS_DEPLOYMENT_TARGET = 17.0;
				MACOSX_DEPLOYMENT_TARGET = 14.0;
				MARKETING_VERSION = 1.0;
				PRODUCT_BUNDLE_IDENTIFIER = Doggio.doggioUITests;
				PRODUCT_NAME = "$(TARGET_NAME)";
				SDKROOT = auto;
				SUPPORTED_PLATFORMS = "iphoneos iphonesimulator macosx";
				SWIFT_EMIT_LOC_STRINGS = NO;
				SWIFT_VERSION = 5.0;
				TARGETED_DEVICE_FAMILY = "1,2";
				TEST_TARGET_NAME = doggio;
			};
			name = Release;
		};
/* End XCBuildConfiguration section */

/* Begin XCConfigurationList section */
		AFA7CCC32AD4D6B800F6AC93 /* Build configuration list for PBXProject "doggio" */ = {
			isa = XCConfigurationList;
			buildConfigurations = (
				AFA7CCEB2AD4D6BB00F6AC93 /* Debug */,
				AFA7CCEC2AD4D6BB00F6AC93 /* Release */,
			);
			defaultConfigurationIsVisible = 0;
			defaultConfigurationName = Release;
		};
		AFA7CCED2AD4D6BB00F6AC93 /* Build configuration list for PBXNativeTarget "doggio" */ = {
			isa = XCConfigurationList;
			buildConfigurations = (
				AFA7CCEE2AD4D6BB00F6AC93 /* Debug */,
				AFA7CCEF2AD4D6BB00F6AC93 /* Release */,
			);
			defaultConfigurationIsVisible = 0;
			defaultConfigurationName = Release;
		};
		AFA7CCF02AD4D6BB00F6AC93 /* Build configuration list for PBXNativeTarget "doggioTests" */ = {
			isa = XCConfigurationList;
			buildConfigurations = (
				AFA7CCF12AD4D6BB00F6AC93 /* Debug */,
				AFA7CCF22AD4D6BB00F6AC93 /* Release */,
			);
			defaultConfigurationIsVisible = 0;
			defaultConfigurationName = Release;
		};
		AFA7CCF32AD4D6BB00F6AC93 /* Build configuration list for PBXNativeTarget "doggioUITests" */ = {
			isa = XCConfigurationList;
			buildConfigurations = (
				AFA7CCF42AD4D6BB00F6AC93 /* Debug */,
				AFA7CCF52AD4D6BB00F6AC93 /* Release */,
			);
			defaultConfigurationIsVisible = 0;
			defaultConfigurationName = Release;
		};
/* End XCConfigurationList section */
	};
	rootObject = AFA7CCC02AD4D6B800F6AC93 /* Project object */;
}
